
Microsoft Visual Studio Solution File, Format Version 12.00
# Blend for Visual Studio Version 17
VisualStudioVersion = 17.4.33213.308
MinimumVisualStudioVersion = 10.0.40219.1
Project("{FAE04EC0-301F-11D3-BF4B-00C04F79EFBC}") = "Mp3Selector", "Mp3Selector\Mp3Selector.csproj", "{93EDC342-FF25-420D-A36F-8721181E5F2F}"
EndProject
Project("{FAE04EC0-301F-11D3-BF4B-00C04F79EFBC}") = "Mp3Ranker", "Mp3Ranker\Mp3Ranker.csproj", "{00C9BAB9-FC43-489D-BD12-608D75576A3B}"
EndProject
Project("{2150E333-8FDC-42A3-9474-1A3956D46DE8}") = "Solution Items", "Solution Items", "{F8627296-CB60-4013-AB86-1D658C7B16C6}"
	ProjectSection(SolutionItems) = preProject
		.editorconfig = .editorconfig
	EndProjectSection
EndProject
Global
	GlobalSection(SolutionConfigurationPlatforms) = preSolution
		Debug|Any CPU = Debug|Any CPU
		Release|Any CPU = Release|Any CPU
	EndGlobalSection
	GlobalSection(ProjectConfigurationPlatforms) = postSolution
		{93EDC342-FF25-420D-A36F-8721181E5F2F}.Debug|Any CPU.ActiveCfg = Debug|Any CPU
		{93EDC342-FF25-420D-A36F-8721181E5F2F}.Debug|Any CPU.Build.0 = Debug|Any CPU
		{93EDC342-FF25-420D-A36F-8721181E5F2F}.Release|Any CPU.ActiveCfg = Release|Any CPU
		{93EDC342-FF25-420D-A36F-8721181E5F2F}.Release|Any CPU.Build.0 = Release|Any CPU
		{00C9BAB9-FC43-489D-BD12-608D75576A3B}.Debug|Any CPU.ActiveCfg = Debug|Any CPU
		{00C9BAB9-FC43-489D-BD12-608D75576A3B}.Debug|Any CPU.Build.0 = Debug|Any CPU
		{00C9BAB9-FC43-489D-BD12-608D75576A3B}.Release|Any CPU.ActiveCfg = Release|Any CPU
		{00C9BAB9-FC43-489D-BD12-608D75576A3B}.Release|Any CPU.Build.0 = Release|Any CPU
	EndGlobalSection
	GlobalSection(SolutionProperties) = preSolution
		HideSolutionNode = FALSE
	EndGlobalSection
	GlobalSection(ExtensibilityGlobals) = postSolution
		SolutionGuid = {60EB55F0-D476-4CD6-8D77-BAF3403FE9EC}
	EndGlobalSection
EndGlobal
